// !$*UTF8*$!
{
	archiveVersion = 1;
	classes = {
	};
	objectVersion = 77;
	objects = {

/* Begin PBXContainerItemProxy section */
		EFB095C42F44BA4A00D89C18 /* PBXContainerItemProxy */ = {
			isa = PBXContainerItemProxy;
			containerPortal = EFB095AE2F44BA4700D89C18 /* Project object */;
			proxyType = 1;
			remoteGlobalIDString = EFB095B52F44BA4700D89C18;
			remoteInfo = "Inline action Confirmation";
		};
		EFB095CE2F44BA4A00D89C18 /* PBXContainerItemProxy */ = {
			isa = PBXContainerItemProxy;
			containerPortal = EFB095AE2F44BA4700D89C18 /* Project object */;
			proxyType = 1;
			remoteGlobalIDString = EFB095B52F44BA4700D89C18;
			remoteInfo = "Inline action Confirmation";
		};
/* End PBXContainerItemProxy section */

/* Begin PBXFileReference section */
		EFB095B62F44BA4700D89C18 /* Inline action Confirmation.app */ = {isa = PBXFileReference; explicitFileType = wrapper.application; includeInIndex = 0; path = "Inline action Confirmation.app"; sourceTree = BUILT_PRODUCTS_DIR; };
		EFB095C32F44BA4A00D89C18 /* Inline action ConfirmationTests.xctest */ = {isa = PBXFileReference; explicitFileType = wrapper.cfbundle; includeInIndex = 0; path = "Inline action ConfirmationTests.xctest"; sourceTree = BUILT_PRODUCTS_DIR; };
		EFB095CD2F44BA4A00D89C18 /* Inline action ConfirmationUITests.xctest */ = {isa = PBXFileReference; explicitFileType = wrapper.cfbundle; includeInIndex = 0; path = "Inline action ConfirmationUITests.xctest"; sourceTree = BUILT_PRODUCTS_DIR; };
/* End PBXFileReference section */

/* Begin PBXFileSystemSynchronizedRootGroup section */
		EFB095B82F44BA4800D89C18 /* Inline action Confirmation */ = {
			isa = PBXFileSystemSynchronizedRootGroup;
			path = "Inline action Confirmation";
			sourceTree = "<group>";
		};
		EFB095C62F44BA4A00D89C18 /* Inline action ConfirmationTests */ = {
			isa = PBXFileSystemSynchronizedRootGroup;
			path = "Inline action ConfirmationTests";
			sourceTree = "<group>";
		};
		EFB095D02F44BA4A00D89C18 /* Inline action ConfirmationUITests */ = {
			isa = PBXFileSystemSynchronizedRootGroup;
			path = "Inline action ConfirmationUITests";
			sourceTree = "<group>";
		};
/* End PBXFileSystemSynchronizedRootGroup section */

/* Begin PBXFrameworksBuildPhase section */
		EFB095B32F44BA4700D89C18 /* Frameworks */ = {
			isa = PBXFrameworksBuildPhase;
			buildActionMask = 2147483647;
			files = (
			);
			runOnlyForDeploymentPostprocessing = 0;
		};
		EFB095C02F44BA4A00D89C18 /* Frameworks */ = {
			isa = PBXFrameworksBuildPhase;
			buildActionMask = 2147483647;
			files = (
			);
			runOnlyForDeploymentPostprocessing = 0;
		};
		EFB095CA2F44BA4A00D89C18 /* Frameworks */ = {
			isa = PBXFrameworksBuildPhase;
			buildActionMask = 2147483647;
			files = (
			);
			runOnlyForDeploymentPostprocessing = 0;
		};
/* End PBXFrameworksBuildPhase section */

/* Begin PBXGroup section */
		EFB095AD2F44BA4700D89C18 = {
			isa = PBXGroup;
			children = (
				EFB095B82F44BA4800D89C18 /* Inline action Confirmation */,
				EFB095C62F44BA4A00D89C18 /* Inline action ConfirmationTests */,
				EFB095D02F44BA4A00D89C18 /* Inline action ConfirmationUITests */,
				EFB095B72F44BA4700D89C18 /* Products */,
			);
			sourceTree = "<group>";
		};
		EFB095B72F44BA4700D89C18 /* Products */ = {
			isa = PBXGroup;
			children = (
				EFB095B62F44BA4700D89C18 /* Inline action Confirmation.app */,
				EFB095C32F44BA4A00D89C18 /* Inline action ConfirmationTests.xctest */,
				EFB095CD2F44BA4A00D89C18 /* Inline action ConfirmationUITests.xctest */,
			);
			name = Products;
			sourceTree = "<group>";
		};
/* End PBXGroup section */

/* Begin PBXNativeTarget section */
		EFB095B52F44BA4700D89C18 /* Inline action Confirmation */ = {
			isa = PBXNativeTarget;
			buildConfigurationList = EFB095D72F44BA4A00D89C18 /* Build configuration list for PBXNativeTarget "Inline action Confirmation" */;
			buildPhases = (
				EFB095B22F44BA4700D89C18 /* Sources */,
				EFB095B32F44BA4700D89C18 /* Frameworks */,
				EFB095B42F44BA4700D89C18 /* Resources */,
			);
			buildRules = (
			);
			dependencies = (
			);
			fileSystemSynchronizedGroups = (
				EFB095B82F44BA4800D89C18 /* Inline action Confirmation */,
			);
			name = "Inline action Confirmation";
			packageProductDependencies = (
			);
			productName = "Inline action Confirmation";
			productReference = EFB095B62F44BA4700D89C18 /* Inline action Confirmation.app */;
			productType = "com.apple.product-type.application";
		};
		EFB095C22F44BA4A00D89C18 /* Inline action ConfirmationTests */ = {
			isa = PBXNativeTarget;
			buildConfigurationList = EFB095DA2F44BA4A00D89C18 /* Build configuration list for PBXNativeTarget "Inline action ConfirmationTests" */;
			buildPhases = (
				EFB095BF2F44BA4A00D89C18 /* Sources */,
				EFB095C02F44BA4A00D89C18 /* Frameworks */,
				EFB095C12F44BA4A00D89C18 /* Resources */,
			);
			buildRules = (
			);
			dependencies = (
				EFB095C52F44BA4A00D89C18 /* PBXTargetDependency */,
			);
			fileSystemSynchronizedGroups = (
				EFB095C62F44BA4A00D89C18 /* Inline action ConfirmationTests */,
			);
			name = "Inline action ConfirmationTests";
			packageProductDependencies = (
			);
			productName = "Inline action ConfirmationTests";
			productReference = EFB095C32F44BA4A00D89C18 /* Inline action ConfirmationTests.xctest */;
			productType = "com.apple.product-type.bundle.unit-test";
		};
		EFB095CC2F44BA4A00D89C18 /* Inline action ConfirmationUITests */ = {
			isa = PBXNativeTarget;
			buildConfigurationList = EFB095DD2F44BA4A00D89C18 /* Build configuration list for PBXNativeTarget "Inline action ConfirmationUITests" */;
			buildPhases = (
				EFB095C92F44BA4A00D89C18 /* Sources */,
				EFB095CA2F44BA4A00D89C18 /* Frameworks */,
				EFB095CB2F44BA4A00D89C18 /* Resources */,
			);
			buildRules = (
			);
			dependencies = (
				EFB095CF2F44BA4A00D89C18 /* PBXTargetDependency */,
			);
			fileSystemSynchronizedGroups = (
				EFB095D02F44BA4A00D89C18 /* Inline action ConfirmationUITests */,
			);
			name = "Inline action ConfirmationUITests";
			packageProductDependencies = (
			);
			productName = "Inline action ConfirmationUITests";
			productReference = EFB095CD2F44BA4A00D89C18 /* Inline action ConfirmationUITests.xctest */;
			productType = "com.apple.product-type.bundle.ui-testing";
		};
/* End PBXNativeTarget section */

/* Begin PBXProject section */
		EFB095AE2F44BA4700D89C18 /* Project object */ = {
			isa = PBXProject;
			attributes = {
				BuildIndependentTargetsInParallel = 1;
				LastSwiftUpdateCheck = 2600;
				LastUpgradeCheck = 2600;
				TargetAttributes = {
					EFB095B52F44BA4700D89C18 = {
						CreatedOnToolsVersion = 26.0.1;
					};
					EFB095C22F44BA4A00D89C18 = {
						CreatedOnToolsVersion = 26.0.1;
						TestTargetID = EFB095B52F44BA4700D89C18;
					};
					EFB095CC2F44BA4A00D89C18 = {
						CreatedOnToolsVersion = 26.0.1;
						TestTargetID = EFB095B52F44BA4700D89C18;
					};
				};
			};
			buildConfigurationList = EFB095B12F44BA4700D89C18 /* Build configuration list for PBXProject "Inline action Confirmation" */;
			developmentRegion = en;
			hasScannedForEncodings = 0;
			knownRegions = (
				en,
				Base,
			);
			mainGroup = EFB095AD2F44BA4700D89C18;
			minimizedProjectReferenceProxies = 1;
			preferredProjectObjectVersion = 77;
			productRefGroup = EFB095B72F44BA4700D89C18 /* Products */;
			projectDirPath = "";
			projectRoot = "";
			targets = (
				EFB095B52F44BA4700D89C18 /* Inline action Confirmation */,
				EFB095C22F44BA4A00D89C18 /* Inline action ConfirmationTests */,
				EFB095CC2F44BA4A00D89C18 /* Inline action ConfirmationUITests */,
			);
		};
/* End PBXProject section */

/* Begin PBXResourcesBuildPhase section */
		EFB095B42F44BA4700D89C18 /* Resources */ = {
			isa = PBXResourcesBuildPhase;
			buildActionMask = 2147483647;
			files = (
			);
			runOnlyForDeploymentPostprocessing = 0;
		};
		EFB095C12F44BA4A00D89C18 /* Resources */ = {
			isa = PBXResourcesBuildPhase;
			buildActionMask = 2147483647;
			files = (
			);
			runOnlyForDeploymentPostprocessing = 0;
		};
		EFB095CB2F44BA4A00D89C18 /* Resources */ = {
			isa = PBXResourcesBuildPhase;
			buildActionMask = 2147483647;
			files = (
			);
			runOnlyForDeploymentPostprocessing = 0;
		};
/* End PBXResourcesBuildPhase section */

/* Begin PBXSourcesBuildPhase section */
		EFB095B22F44BA4700D89C18 /* Sources */ = {
			isa = PBXSourcesBuildPhase;
			buildActionMask = 2147483647;
			files = (
			);
			runOnlyForDeploymentPostprocessing = 0;
		};
		EFB095BF2F44BA4A00D89C18 /* Sources */ = {
			isa = PBXSourcesBuildPhase;
			buildActionMask = 2147483647;
			files = (
			);
			runOnlyForDeploymentPostprocessing = 0;
		};
		EFB095C92F44BA4A00D89C18 /* Sources */ = {
			isa = PBXSourcesBuildPhase;
			buildActionMask = 2147483647;
			files = (
			);
			runOnlyForDeploymentPostprocessing = 0;
		};
/* End PBXSourcesBuildPhase section */

/* Begin PBXTargetDependency section */
		EFB095C52F44BA4A00D89C18 /* PBXTargetDependency */ = {
			isa = PBXTargetDependency;
			target = EFB095B52F44BA4700D89C18 /* Inline action Confirmation */;
			targetProxy = EFB095C42F44BA4A00D89C18 /* PBXContainerItemProxy */;
		};
		EFB095CF2F44BA4A00D89C18 /* PBXTargetDependency */ = {
			isa = PBXTargetDependency;
			target = EFB095B52F44BA4700D89C18 /* Inline action Confirmation */;
			targetProxy = EFB095CE2F44BA4A00D89C18 /* PBXContainerItemProxy */;
		};
/* End PBXTargetDependency section */

/* Begin XCBuildConfiguration section */
		EFB095D52F44BA4A00D89C18 /* Debug */ = {
			isa = XCBuildConfiguration;
			buildSettings = {
				ALWAYS_SEARCH_USER_PATHS = NO;
				ASSETCATALOG_COMPILER_GENERATE_SWIFT_ASSET_SYMBOL_EXTENSIONS = YES;
				CLANG_ANALYZER_NONNULL = YES;
				CLANG_ANALYZER_NUMBER_OBJECT_CONVERSION = YES_AGGRESSIVE;
				CLANG_CXX_LANGUAGE_STANDARD = "gnu++20";
				CLANG_ENABLE_MODULES = YES;
				CLANG_ENABLE_OBJC_ARC = YES;
				CLANG_ENABLE_OBJC_WEAK = YES;
				CLANG_WARN_BLOCK_CAPTURE_AUTORELEASING = YES;
				CLANG_WARN_BOOL_CONVERSION = YES;
				CLANG_WARN_COMMA = YES;
				CLANG_WARN_CONSTANT_CONVERSION = YES;
				CLANG_WARN_DEPRECATED_OBJC_IMPLEMENTATIONS = YES;
				CLANG_WARN_DIRECT_OBJC_ISA_USAGE = YES_ERROR;
				CLANG_WARN_DOCUMENTATION_COMMENTS = YES;
				CLANG_WARN_EMPTY_BODY = YES;
				CLANG_WARN_ENUM_CONVERSION = YES;
				CLANG_WARN_INFINITE_RECURSION = YES;
				CLANG_WARN_INT_CONVERSION = YES;
				CLANG_WARN_NON_LITERAL_NULL_CONVERSION = YES;
				CLANG_WARN_OBJC_IMPLICIT_RETAIN_SELF = YES;
				CLANG_WARN_OBJC_LITERAL_CONVERSION = YES;
				CLANG_WARN_OBJC_ROOT_CLASS = YES_ERROR;
				CLANG_WARN_QUOTED_INCLUDE_IN_FRAMEWORK_HEADER = YES;
				CLANG_WARN_RANGE_LOOP_ANALYSIS = YES;
				CLANG_WARN_STRICT_PROTOTYPES = YES;
				CLANG_WARN_SUSPICIOUS_MOVE = YES;
				CLANG_WARN_UNGUARDED_AVAILABILITY = YES_AGGRESSIVE;
				CLANG_WARN_UNREACHABLE_CODE = YES;
				CLANG_WARN__DUPLICATE_METHOD_MATCH = YES;
				COPY_PHASE_STRIP = NO;
				DEBUG_INFORMATION_FORMAT = dwarf;
				ENABLE_STRICT_OBJC_MSGSEND = YES;
				ENABLE_TESTABILITY = YES;
				ENABLE_USER_SCRIPT_SANDBOXING = YES;
				GCC_C_LANGUAGE_STANDARD = gnu17;
				GCC_DYNAMIC_NO_PIC = NO;
				GCC_NO_COMMON_BLOCKS = YES;
				GCC_OPTIMIZATION_LEVEL = 0;
				GCC_PREPROCESSOR_DEFINITIONS = (
					"DEBUG=1",
					"$(inherited)",
				);
				GCC_WARN_64_TO_32_BIT_CONVERSION = YES;
				GCC_WARN_ABOUT_RETURN_TYPE = YES_ERROR;
				GCC_WARN_UNDECLARED_SELECTOR = YES;
				GCC_WARN_UNINITIALIZED_AUTOS = YES_AGGRESSIVE;
				GCC_WARN_UNUSED_FUNCTION = YES;
				GCC_WARN_UNUSED_VARIABLE = YES;
				IPHONEOS_DEPLOYMENT_TARGET = 26.0;
				LOCALIZATION_PREFERS_STRING_CATALOGS = YES;
				MTL_ENABLE_DEBUG_INFO = INCLUDE_SOURCE;
				MTL_FAST_MATH = YES;
				ONLY_ACTIVE_ARCH = YES;
				SDKROOT = iphoneos;
				SWIFT_ACTIVE_COMPILATION_CONDITIONS = "DEBUG $(inherited)";
				SWIFT_OPTIMIZATION_LEVEL = "-Onone";
			};
			name = Debug;
		};
		EFB095D62F44BA4A00D89C18 /* Release */ = {
			isa = XCBuildConfiguration;
			buildSettings = {
				ALWAYS_SEARCH_USER_PATHS = NO;
				ASSETCATALOG_COMPILER_GENERATE_SWIFT_ASSET_SYMBOL_EXTENSIONS = YES;
				CLANG_ANALYZER_NONNULL = YES;
				CLANG_ANALYZER_NUMBER_OBJECT_CONVERSION = YES_AGGRESSIVE;
				CLANG_CXX_LANGUAGE_STANDARD = "gnu++20";
				CLANG_ENABLE_MODULES = YES;
				CLANG_ENABLE_OBJC_ARC = YES;
				CLANG_ENABLE_OBJC_WEAK = YES;
				CLANG_WARN_BLOCK_CAPTURE_AUTORELEASING = YES;
				CLANG_WARN_BOOL_CONVERSION = YES;
				CLANG_WARN_COMMA = YES;
				CLANG_WARN_CONSTANT_CONVERSION = YES;
				CLANG_WARN_DEPRECATED_OBJC_IMPLEMENTATIONS = YES;
				CLANG_WARN_DIRECT_OBJC_ISA_USAGE = YES_ERROR;
				CLANG_WARN_DOCUMENTATION_COMMENTS = YES;
				CLANG_WARN_EMPTY_BODY = YES;
				CLANG_WARN_ENUM_CONVERSION = YES;
				CLANG_WARN_INFINITE_RECURSION = YES;
				CLANG_WARN_INT_CONVERSION = YES;
				CLANG_WARN_NON_LITERAL_NULL_CONVERSION = YES;
				CLANG_WARN_OBJC_IMPLICIT_RETAIN_SELF = YES;
				CLANG_WARN_OBJC_LITERAL_CONVERSION = YES;
				CLANG_WARN_OBJC_ROOT_CLASS = YES_ERROR;
				CLANG_WARN_QUOTED_INCLUDE_IN_FRAMEWORK_HEADER = YES;
				CLANG_WARN_RANGE_LOOP_ANALYSIS = YES;
				CLANG_WARN_STRICT_PROTOTYPES = YES;
				CLANG_WARN_SUSPICIOUS_MOVE = YES;
				CLANG_WARN_UNGUARDED_AVAILABILITY = YES_AGGRESSIVE;
				CLANG_WARN_UNREACHABLE_CODE = YES;
				CLANG_WARN__DUPLICATE_METHOD_MATCH = YES;
				COPY_PHASE_STRIP = NO;
				DEBUG_INFORMATION_FORMAT = "dwarf-with-dsym";
				ENABLE_NS_ASSERTIONS = NO;
				ENABLE_STRICT_OBJC_MSGSEND = YES;
				ENABLE_USER_SCRIPT_SANDBOXING = YES;
				GCC_C_LANGUAGE_STANDARD = gnu17;
				GCC_NO_COMMON_BLOCKS = YES;
				GCC_WARN_64_TO_32_BIT_CONVERSION = YES;
				GCC_WARN_ABOUT_RETURN_TYPE = YES_ERROR;
				GCC_WARN_UNDECLARED_SELECTOR = YES;
				GCC_WARN_UNINITIALIZED_AUTOS = YES_AGGRESSIVE;
				GCC_WARN_UNUSED_FUNCTION = YES;
				GCC_WARN_UNUSED_VARIABLE = YES;
				IPHONEOS_DEPLOYMENT_TARGET = 26.0;
				LOCALIZATION_PREFERS_STRING_CATALOGS = YES;
				MTL_ENABLE_DEBUG_INFO = NO;
				MTL_FAST_MATH = YES;
				SDKROOT = iphoneos;
				SWIFT_COMPILATION_MODE = wholemodule;
				VALIDATE_PRODUCT = YES;
			};
			name = Release;
		};
		EFB095D82F44BA4A00D89C18 /* Debug */ = {
			isa = XCBuildConfiguration;
			buildSettings = {
				ASSETCATALOG_COMPILER_APPICON_NAME = AppIcon;
				ASSETCATALOG_COMPILER_GLOBAL_ACCENT_COLOR_NAME = AccentColor;
				CODE_SIGN_STYLE = Automatic;
				CURRENT_PROJECT_VERSION = 1;
				ENABLE_PREVIEWS = YES;
				GENERATE_INFOPLIST_FILE = YES;
				INFOPLIST_KEY_UIApplicationSceneManifest_Generation = YES;
				INFOPLIST_KEY_UIApplicationSupportsIndirectInputEvents = YES;
				INFOPLIST_KEY_UILaunchScreen_Generation = YES;
				INFOPLIST_KEY_UISupportedInterfaceOrientations_iPad = "UIInterfaceOrientationPortrait UIInterfaceOrientationPortraitUpsideDown UIInterfaceOrientationLandscapeLeft UIInterfaceOrientationLandscapeRight";
				INFOPLIST_KEY_UISupportedInterfaceOrientations_iPhone = "UIInterfaceOrientationPortrait UIInterfaceOrientationLandscapeLeft UIInterfaceOrientationLandscapeRight";
				LD_RUNPATH_SEARCH_PATHS = (
					"$(inherited)",
					"@executable_path/Frameworks",
				);
				MARKETING_VERSION = 1.0;
				PRODUCT_BUNDLE_IDENTIFIER = "com.ledoux.sanguo.Inline-action-Confirmation";
				PRODUCT_NAME = "$(TARGET_NAME)";
				STRING_CATALOG_GENERATE_SYMBOLS = YES;
				SWIFT_APPROACHABLE_CONCURRENCY = YES;
				SWIFT_DEFAULT_ACTOR_ISOLATION = MainActor;
				SWIFT_EMIT_LOC_STRINGS = YES;
				SWIFT_UPCOMING_FEATURE_MEMBER_IMPORT_VISIBILITY = YES;
				SWIFT_VERSION = 5.0;
				TARGETED_DEVICE_FAMILY = "1,2";
			};
			name = Debug;
		};
		EFB095D92F44BA4A00D89C18 /* Release */ = {
			isa = XCBuildConfiguration;
			buildSettings = {
				ASSETCATALOG_COMPILER_APPICON_NAME = AppIcon;
				ASSETCATALOG_COMPILER_GLOBAL_ACCENT_COLOR_NAME = AccentColor;
				CODE_SIGN_STYLE = Automatic;
				CURRENT_PROJECT_VERSION = 1;
				ENABLE_PREVIEWS = YES;
				GENERATE_INFOPLIST_FILE = YES;
				INFOPLIST_KEY_UIApplicationSceneManifest_Generation = YES;
				INFOPLIST_KEY_UIApplicationSupportsIndirectInputEvents = YES;
				INFOPLIST_KEY_UILaunchScreen_Generation = YES;
				INFOPLIST_KEY_UISupportedInterfaceOrientations_iPad = "UIInterfaceOrientationPortrait UIInterfaceOrientationPortraitUpsideDown UIInterfaceOrientationLandscapeLeft UIInterfaceOrientationLandscapeRight";
				INFOPLIST_KEY_UISupportedInterfaceOrientations_iPhone = "UIInterfaceOrientationPortrait UIInterfaceOrientationLandscapeLeft UIInterfaceOrientationLandscapeRight";
				LD_RUNPATH_SEARCH_PATHS = (
					"$(inherited)",
					"@executable_path/Frameworks",
				);
				MARKETING_VERSION = 1.0;
				PRODUCT_BUNDLE_IDENTIFIER = "com.ledoux.sanguo.Inline-action-Confirmation";
				PRODUCT_NAME = "$(TARGET_NAME)";
				STRING_CATALOG_GENERATE_SYMBOLS = YES;
				SWIFT_APPROACHABLE_CONCURRENCY = YES;
				SWIFT_DEFAULT_ACTOR_ISOLATION = MainActor;
				SWIFT_EMIT_LOC_STRINGS = YES;
				SWIFT_UPCOMING_FEATURE_MEMBER_IMPORT_VISIBILITY = YES;
				SWIFT_VERSION = 5.0;
				TARGETED_DEVICE_FAMILY = "1,2";
			};
			name = Release;
		};
		EFB095DB2F44BA4A00D89C18 /* Debug */ = {
			isa = XCBuildConfiguration;
			buildSettings = {
				BUNDLE_LOADER = "$(TEST_HOST)";
				CODE_SIGN_STYLE = Automatic;
				CURRENT_PROJECT_VERSION = 1;
				GENERATE_INFOPLIST_FILE = YES;
				IPHONEOS_DEPLOYMENT_TARGET = 26.0;
				MARKETING_VERSION = 1.0;
				PRODUCT_BUNDLE_IDENTIFIER = "com.ledoux.sanguo.Inline-action-ConfirmationTests";
				PRODUCT_NAME = "$(TARGET_NAME)";
				STRING_CATALOG_GENERATE_SYMBOLS = NO;
				SWIFT_APPROACHABLE_CONCURRENCY = YES;
				SWIFT_EMIT_LOC_STRINGS = NO;
				SWIFT_UPCOMING_FEATURE_MEMBER_IMPORT_VISIBILITY = YES;
				SWIFT_VERSION = 5.0;
				TARGETED_DEVICE_FAMILY = "1,2";
				TEST_HOST = "$(BUILT_PRODUCTS_DIR)/Inline action Confirmation.app/$(BUNDLE_EXECUTABLE_FOLDER_PATH)/Inline action Confirmation";
			};
			name = Debug;
		};
		EFB095DC2F44BA4A00D89C18 /* Release */ = {
			isa = XCBuildConfiguration;
			buildSettings = {
				BUNDLE_LOADER = "$(TEST_HOST)";
				CODE_SIGN_STYLE = Automatic;
				CURRENT_PROJECT_VERSION = 1;
				GENERATE_INFOPLIST_FILE = YES;
				IPHONEOS_DEPLOYMENT_TARGET = 26.0;
				MARKETING_VERSION = 1.0;
				PRODUCT_BUNDLE_IDENTIFIER = "com.ledoux.sanguo.Inline-action-ConfirmationTests";
				PRODUCT_NAME = "$(TARGET_NAME)";
				STRING_CATALOG_GENERATE_SYMBOLS = NO;
				SWIFT_APPROACHABLE_CONCURRENCY = YES;
				SWIFT_EMIT_LOC_STRINGS = NO;
				SWIFT_UPCOMING_FEATURE_MEMBER_IMPORT_VISIBILITY = YES;
				SWIFT_VERSION = 5.0;
				TARGETED_DEVICE_FAMILY = "1,2";
				TEST_HOST = "$(BUILT_PRODUCTS_DIR)/Inline action Confirmation.app/$(BUNDLE_EXECUTABLE_FOLDER_PATH)/Inline action Confirmation";
			};
			name = Release;
		};
		EFB095DE2F44BA4A00D89C18 /* Debug */ = {
			isa = XCBuildConfiguration;
			buildSettings = {
				CODE_SIGN_STYLE = Automatic;
				CURRENT_PROJECT_VERSION = 1;
				GENERATE_INFOPLIST_FILE = YES;
				MARKETING_VERSION = 1.0;
				PRODUCT_BUNDLE_IDENTIFIER = "com.ledoux.sanguo.Inline-action-ConfirmationUITests";
				PRODUCT_NAME = "$(TARGET_NAME)";
				STRING_CATALOG_GENERATE_SYMBOLS = NO;
				SWIFT_APPROACHABLE_CONCURRENCY = YES;
				SWIFT_EMIT_LOC_STRINGS = NO;
				SWIFT_UPCOMING_FEATURE_MEMBER_IMPORT_VISIBILITY = YES;
				SWIFT_VERSION = 5.0;
				TARGETED_DEVICE_FAMILY = "1,2";
				TEST_TARGET_NAME = "Inline action Confirmation";
			};
			name = Debug;
		};
		EFB095DF2F44BA4A00D89C18 /* Release */ = {
			isa = XCBuildConfiguration;
			buildSettings = {
				CODE_SIGN_STYLE = Automatic;
				CURRENT_PROJECT_VERSION = 1;
				GENERATE_INFOPLIST_FILE = YES;
				MARKETING_VERSION = 1.0;
				PRODUCT_BUNDLE_IDENTIFIER = "com.ledoux.sanguo.Inline-action-ConfirmationUITests";
				PRODUCT_NAME = "$(TARGET_NAME)";
				STRING_CATALOG_GENERATE_SYMBOLS = NO;
				SWIFT_APPROACHABLE_CONCURRENCY = YES;
				SWIFT_EMIT_LOC_STRINGS = NO;
				SWIFT_UPCOMING_FEATURE_MEMBER_IMPORT_VISIBILITY = YES;
				SWIFT_VERSION = 5.0;
				TARGETED_DEVICE_FAMILY = "1,2";
				TEST_TARGET_NAME = "Inline action Confirmation";
			};
			name = Release;
		};
/* End XCBuildConfiguration section */

/* Begin XCConfigurationList section */
		EFB095B12F44BA4700D89C18 /* Build configuration list for PBXProject "Inline action Confirmation" */ = {
			isa = XCConfigurationList;
			buildConfigurations = (
				EFB095D52F44BA4A00D89C18 /* Debug */,
				EFB095D62F44BA4A00D89C18 /* Release */,
			);
			defaultConfigurationIsVisible = 0;
			defaultConfigurationName = Release;
		};
		EFB095D72F44BA4A00D89C18 /* Build configuration list for PBXNativeTarget "Inline action Confirmation" */ = {
			isa = XCConfigurationList;
			buildConfigurations = (
				EFB095D82F44BA4A00D89C18 /* Debug */,
				EFB095D92F44BA4A00D89C18 /* Release */,
			);
			defaultConfigurationIsVisible = 0;
			defaultConfigurationName = Release;
		};
		EFB095DA2F44BA4A00D89C18 /* Build configuration list for PBXNativeTarget "Inline action ConfirmationTests" */ = {
			isa = XCConfigurationList;
			buildConfigurations = (
				EFB095DB2F44BA4A00D89C18 /* Debug */,
				EFB095DC2F44BA4A00D89C18 /* Release */,
			);
			defaultConfigurationIsVisible = 0;
			defaultConfigurationName = Release;
		};
		EFB095DD2F44BA4A00D89C18 /* Build configuration list for PBXNativeTarget "Inline action ConfirmationUITests" */ = {
			isa = XCConfigurationList;
			buildConfigurations = (
				EFB095DE2F44BA4A00D89C18 /* Debug */,
				EFB095DF2F44BA4A00D89C18 /* Release */,
			);
			defaultConfigurationIsVisible = 0;
			defaultConfigurationName = Release;
		};
/* End XCConfigurationList section */
	};
	rootObject = EFB095AE2F44BA4700D89C18 /* Project object */;
}
